// !$*UTF8*$!
{
	archiveVersion = 1;
	classes = {
	};
	objectVersion = 50;
	objects = {

/* Begin PBXBuildFile section */
		017B740F1B96476A22BA73F8 /* Pods_App.framework in Frameworks */ = {isa = PBXBuildFile; fileRef = DC0B2A569E9151F2609EB954 /* Pods_App.framework */; };
		19136802636B8C32066F35D0 /* Pods_AppTests.framework in Frameworks */ = {isa = PBXBuildFile; fileRef = 4E5F55A062516B7E16AD560A /* Pods_AppTests.framework */; };
		B715764E009CB75209F9176B /* Pods_App_AppUITests.framework in Frameworks */ = {isa = PBXBuildFile; fileRef = 0EE8C894447A1737A0A31707 /* Pods_App_AppUITests.framework */; };
		EB46B9D926370CD400CEC978 /* AppDelegate.swift in Sources */ = {isa = PBXBuildFile; fileRef = EB46B9D826370CD400CEC978 /* AppDelegate.swift */; };
		EB46B9DB26370CD400CEC978 /* SceneDelegate.swift in Sources */ = {isa = PBXBuildFile; fileRef = EB46B9DA26370CD400CEC978 /* SceneDelegate.swift */; };
		EB46B9DD26370CD400CEC978 /* ViewController.swift in Sources */ = {isa = PBXBuildFile; fileRef = EB46B9DC26370CD400CEC978 /* ViewController.swift */; };
		EB46B9E026370CD400CEC978 /* Main.storyboard in Resources */ = {isa = PBXBuildFile; fileRef = EB46B9DE26370CD400CEC978 /* Main.storyboard */; };
		EB46B9E326370CD400CEC978 /* App.xcdatamodeld in Sources */ = {isa = PBXBuildFile; fileRef = EB46B9E126370CD400CEC978 /* App.xcdatamodeld */; };
		EB46B9E526370CD500CEC978 /* Assets.xcassets in Resources */ = {isa = PBXBuildFile; fileRef = EB46B9E426370CD500CEC978 /* Assets.xcassets */; };
		EB46B9E826370CD500CEC978 /* LaunchScreen.storyboard in Resources */ = {isa = PBXBuildFile; fileRef = EB46B9E626370CD500CEC978 /* LaunchScreen.storyboard */; };
		EB46B9F326370CD500CEC978 /* AppTests.swift in Sources */ = {isa = PBXBuildFile; fileRef = EB46B9F226370CD500CEC978 /* AppTests.swift */; };
		EB46B9FE26370CD500CEC978 /* AppUITests.swift in Sources */ = {isa = PBXBuildFile; fileRef = EB46B9FD26370CD500CEC978 /* AppUITests.swift */; };
/* End PBXBuildFile section */

/* Begin PBXContainerItemProxy section */
		EB46B9EF26370CD500CEC978 /* PBXContainerItemProxy */ = {
			isa = PBXContainerItemProxy;
			containerPortal = EB46B9CD26370CD400CEC978 /* Project object */;
			proxyType = 1;
			remoteGlobalIDString = EB46B9D426370CD400CEC978;
			remoteInfo = App;
		};
		EB46B9FA26370CD500CEC978 /* PBXContainerItemProxy */ = {
			isa = PBXContainerItemProxy;
			containerPortal = EB46B9CD26370CD400CEC978 /* Project object */;
			proxyType = 1;
			remoteGlobalIDString = EB46B9D426370CD400CEC978;
			remoteInfo = App;
		};
/* End PBXContainerItemProxy section */

/* Begin PBXFileReference section */
		0EE8C894447A1737A0A31707 /* Pods_App_AppUITests.framework */ = {isa = PBXFileReference; explicitFileType = wrapper.framework; includeInIndex = 0; path = Pods_App_AppUITests.framework; sourceTree = BUILT_PRODUCTS_DIR; };
		1E73CD959F4141B3408FC73C /* Pods-App.debug.xcconfig */ = {isa = PBXFileReference; includeInIndex = 1; lastKnownFileType = text.xcconfig; name = "Pods-App.debug.xcconfig"; path = "Target Support Files/Pods-App/Pods-App.debug.xcconfig"; sourceTree = "<group>"; };
		26A2175B3AC0ABEEBDB47376 /* Pods-AppTests.debug.xcconfig */ = {isa = PBXFileReference; includeInIndex = 1; lastKnownFileType = text.xcconfig; name = "Pods-AppTests.debug.xcconfig"; path = "Target Support Files/Pods-AppTests/Pods-AppTests.debug.xcconfig"; sourceTree = "<group>"; };
		3C27BA2C4351D8FAE2595666 /* Pods-App-AppUITests.debug.xcconfig */ = {isa = PBXFileReference; includeInIndex = 1; lastKnownFileType = text.xcconfig; name = "Pods-App-AppUITests.debug.xcconfig"; path = "Target Support Files/Pods-App-AppUITests/Pods-App-AppUITests.debug.xcconfig"; sourceTree = "<group>"; };
		4E5F55A062516B7E16AD560A /* Pods_AppTests.framework */ = {isa = PBXFileReference; explicitFileType = wrapper.framework; includeInIndex = 0; path = Pods_AppTests.framework; sourceTree = BUILT_PRODUCTS_DIR; };
		52932FCBD382BD78F84FA3C2 /* Pods-App.release.xcconfig */ = {isa = PBXFileReference; includeInIndex = 1; lastKnownFileType = text.xcconfig; name = "Pods-App.release.xcconfig"; path = "Target Support Files/Pods-App/Pods-App.release.xcconfig"; sourceTree = "<group>"; };
		5780F1E3359A7DD747878918 /* Pods-App-AppUITests.release.xcconfig */ = {isa = PBXFileReference; includeInIndex = 1; lastKnownFileType = text.xcconfig; name = "Pods-App-AppUITests.release.xcconfig"; path = "Target Support Files/Pods-App-AppUITests/Pods-App-AppUITests.release.xcconfig"; sourceTree = "<group>"; };
		87B577D630B0E73907D9F7E6 /* Pods-AppTests.release.xcconfig */ = {isa = PBXFileReference; includeInIndex = 1; lastKnownFileType = text.xcconfig; name = "Pods-AppTests.release.xcconfig"; path = "Target Support Files/Pods-AppTests/Pods-AppTests.release.xcconfig"; sourceTree = "<group>"; };
		DC0B2A569E9151F2609EB954 /* Pods_App.framework */ = {isa = PBXFileReference; explicitFileType = wrapper.framework; includeInIndex = 0; path = Pods_App.framework; sourceTree = BUILT_PRODUCTS_DIR; };
		EB46B9D526370CD400CEC978 /* App.app */ = {isa = PBXFileReference; explicitFileType = wrapper.application; includeInIndex = 0; path = App.app; sourceTree = BUILT_PRODUCTS_DIR; };
		EB46B9D826370CD400CEC978 /* AppDelegate.swift */ = {isa = PBXFileReference; lastKnownFileType = sourcecode.swift; path = AppDelegate.swift; sourceTree = "<group>"; };
		EB46B9DA26370CD400CEC978 /* SceneDelegate.swift */ = {isa = PBXFileReference; lastKnownFileType = sourcecode.swift; path = SceneDelegate.swift; sourceTree = "<group>"; };
		EB46B9DC26370CD400CEC978 /* ViewController.swift */ = {isa = PBXFileReference; lastKnownFileType = sourcecode.swift; path = ViewController.swift; sourceTree = "<group>"; };
		EB46B9DF26370CD400CEC978 /* Base */ = {isa = PBXFileReference; lastKnownFileType = file.storyboard; name = Base; path = Base.lproj/Main.storyboard; sourceTree = "<group>"; };
		EB46B9E226370CD400CEC978 /* App.xcdatamodel */ = {isa = PBXFileReference; lastKnownFileType = wrapper.xcdatamodel; path = App.xcdatamodel; sourceTree = "<group>"; };
		EB46B9E426370CD500CEC978 /* Assets.xcassets */ = {isa = PBXFileReference; lastKnownFileType = folder.assetcatalog; path = Assets.xcassets; sourceTree = "<group>"; };
		EB46B9E726370CD500CEC978 /* Base */ = {isa = PBXFileReference; lastKnownFileType = file.storyboard; name = Base; path = Base.lproj/LaunchScreen.storyboard; sourceTree = "<group>"; };
		EB46B9E926370CD500CEC978 /* Info.plist */ = {isa = PBXFileReference; lastKnownFileType = text.plist.xml; path = Info.plist; sourceTree = "<group>"; };
		EB46B9EE26370CD500CEC978 /* AppTests.xctest */ = {isa = PBXFileReference; explicitFileType = wrapper.cfbundle; includeInIndex = 0; path = AppTests.xctest; sourceTree = BUILT_PRODUCTS_DIR; };
		EB46B9F226370CD500CEC978 /* AppTests.swift */ = {isa = PBXFileReference; lastKnownFileType = sourcecode.swift; path = AppTests.swift; sourceTree = "<group>"; };
		EB46B9F426370CD500CEC978 /* Info.plist */ = {isa = PBXFileReference; lastKnownFileType = text.plist.xml; path = Info.plist; sourceTree = "<group>"; };
		EB46B9F926370CD500CEC978 /* AppUITests.xctest */ = {isa = PBXFileReference; explicitFileType = wrapper.cfbundle; includeInIndex = 0; path = AppUITests.xctest; sourceTree = BUILT_PRODUCTS_DIR; };
		EB46B9FD26370CD500CEC978 /* AppUITests.swift */ = {isa = PBXFileReference; lastKnownFileType = sourcecode.swift; path = AppUITests.swift; sourceTree = "<group>"; };
		EB46B9FF26370CD500CEC978 /* Info.plist */ = {isa = PBXFileReference; lastKnownFileType = text.plist.xml; path = Info.plist; sourceTree = "<group>"; };
/* End PBXFileReference section */

/* Begin PBXFrameworksBuildPhase section */
		EB46B9D226370CD400CEC978 /* Frameworks */ = {
			isa = PBXFrameworksBuildPhase;
			buildActionMask = 2147483647;
			files = (
				017B740F1B96476A22BA73F8 /* Pods_App.framework in Frameworks */,
			);
			runOnlyForDeploymentPostprocessing = 0;
		};
		EB46B9EB26370CD500CEC978 /* Frameworks */ = {
			isa = PBXFrameworksBuildPhase;
			buildActionMask = 2147483647;
			files = (
				19136802636B8C32066F35D0 /* Pods_AppTests.framework in Frameworks */,
			);
			runOnlyForDeploymentPostprocessing = 0;
		};
		EB46B9F626370CD500CEC978 /* Frameworks */ = {
			isa = PBXFrameworksBuildPhase;
			buildActionMask = 2147483647;
			files = (
				B715764E009CB75209F9176B /* Pods_App_AppUITests.framework in Frameworks */,
			);
			runOnlyForDeploymentPostprocessing = 0;
		};
/* End PBXFrameworksBuildPhase section */

/* Begin PBXGroup section */
		7ECBAD0DB535481536697CCC /* Frameworks */ = {
			isa = PBXGroup;
			children = (
				DC0B2A569E9151F2609EB954 /* Pods_App.framework */,
				0EE8C894447A1737A0A31707 /* Pods_App_AppUITests.framework */,
				4E5F55A062516B7E16AD560A /* Pods_AppTests.framework */,
			);
			name = Frameworks;
			sourceTree = "<group>";
		};
		EB46B9CC26370CD400CEC978 = {
			isa = PBXGroup;
			children = (
				EB46B9D726370CD400CEC978 /* App */,
				EB46B9F126370CD500CEC978 /* AppTests */,
				EB46B9FC26370CD500CEC978 /* AppUITests */,
				EB46B9D626370CD400CEC978 /* Products */,
				F2EAB91E99859994A2579FD5 /* Pods */,
				7ECBAD0DB535481536697CCC /* Frameworks */,
			);
			sourceTree = "<group>";
		};
		EB46B9D626370CD400CEC978 /* Products */ = {
			isa = PBXGroup;
			children = (
				EB46B9D526370CD400CEC978 /* App.app */,
				EB46B9EE26370CD500CEC978 /* AppTests.xctest */,
				EB46B9F926370CD500CEC978 /* AppUITests.xctest */,
			);
			name = Products;
			sourceTree = "<group>";
		};
		EB46B9D726370CD400CEC978 /* App */ = {
			isa = PBXGroup;
			children = (
				EB46B9D826370CD400CEC978 /* AppDelegate.swift */,
				EB46B9DA26370CD400CEC978 /* SceneDelegate.swift */,
				EB46B9DC26370CD400CEC978 /* ViewController.swift */,
				EB46B9DE26370CD400CEC978 /* Main.storyboard */,
				EB46B9E426370CD500CEC978 /* Assets.xcassets */,
				EB46B9E626370CD500CEC978 /* LaunchScreen.storyboard */,
				EB46B9E926370CD500CEC978 /* Info.plist */,
				EB46B9E126370CD400CEC978 /* App.xcdatamodeld */,
			);
			path = App;
			sourceTree = "<group>";
		};
		EB46B9F126370CD500CEC978 /* AppTests */ = {
			isa = PBXGroup;
			children = (
				EB46B9F226370CD500CEC978 /* AppTests.swift */,
				EB46B9F426370CD500CEC978 /* Info.plist */,
			);
			path = AppTests;
			sourceTree = "<group>";
		};
		EB46B9FC26370CD500CEC978 /* AppUITests */ = {
			isa = PBXGroup;
			children = (
				EB46B9FD26370CD500CEC978 /* AppUITests.swift */,
				EB46B9FF26370CD500CEC978 /* Info.plist */,
			);
			path = AppUITests;
			sourceTree = "<group>";
		};
		F2EAB91E99859994A2579FD5 /* Pods */ = {
			isa = PBXGroup;
			children = (
				1E73CD959F4141B3408FC73C /* Pods-App.debug.xcconfig */,
				52932FCBD382BD78F84FA3C2 /* Pods-App.release.xcconfig */,
				3C27BA2C4351D8FAE2595666 /* Pods-App-AppUITests.debug.xcconfig */,
				5780F1E3359A7DD747878918 /* Pods-App-AppUITests.release.xcconfig */,
				26A2175B3AC0ABEEBDB47376 /* Pods-AppTests.debug.xcconfig */,
				87B577D630B0E73907D9F7E6 /* Pods-AppTests.release.xcconfig */,
			);
			name = Pods;
			path = Pods;
			sourceTree = "<group>";
		};
/* End PBXGroup section */

/* Begin PBXNativeTarget section */
		EB46B9D426370CD400CEC978 /* App */ = {
			isa = PBXNativeTarget;
			buildConfigurationList = EB46BA0226370CD500CEC978 /* Build configuration list for PBXNativeTarget "App" */;
			buildPhases = (
				65E50D864C5ABC7B61384370 /* [CP] Check Pods Manifest.lock */,
				EB46B9D126370CD400CEC978 /* Sources */,
				EB46B9D226370CD400CEC978 /* Frameworks */,
				EB46B9D326370CD400CEC978 /* Resources */,
			);
			buildRules = (
			);
			dependencies = (
			);
			name = App;
			productName = App;
			productReference = EB46B9D526370CD400CEC978 /* App.app */;
			productType = "com.apple.product-type.application";
		};
		EB46B9ED26370CD500CEC978 /* AppTests */ = {
			isa = PBXNativeTarget;
			buildConfigurationList = EB46BA0526370CD500CEC978 /* Build configuration list for PBXNativeTarget "AppTests" */;
			buildPhases = (
				02859BD395F43799BDE2F4C3 /* [CP] Check Pods Manifest.lock */,
				EB46B9EA26370CD500CEC978 /* Sources */,
				EB46B9EB26370CD500CEC978 /* Frameworks */,
				EB46B9EC26370CD500CEC978 /* Resources */,
				10BC797879965496050E737B /* [CP] Embed Pods Frameworks */,
			);
			buildRules = (
			);
			dependencies = (
				EB46B9F026370CD500CEC978 /* PBXTargetDependency */,
			);
			name = AppTests;
			productName = AppTests;
			productReference = EB46B9EE26370CD500CEC978 /* AppTests.xctest */;
			productType = "com.apple.product-type.bundle.unit-test";
		};
		EB46B9F826370CD500CEC978 /* AppUITests */ = {
			isa = PBXNativeTarget;
			buildConfigurationList = EB46BA0826370CD500CEC978 /* Build configuration list for PBXNativeTarget "AppUITests" */;
			buildPhases = (
				C31D28B704531E8E988BFB9E /* [CP] Check Pods Manifest.lock */,
				EB46B9F526370CD500CEC978 /* Sources */,
				EB46B9F626370CD500CEC978 /* Frameworks */,
				EB46B9F726370CD500CEC978 /* Resources */,
			);
			buildRules = (
			);
			dependencies = (
				EB46B9FB26370CD500CEC978 /* PBXTargetDependency */,
			);
			name = AppUITests;
			productName = AppUITests;
			productReference = EB46B9F926370CD500CEC978 /* AppUITests.xctest */;
			productType = "com.apple.product-type.bundle.ui-testing";
		};
/* End PBXNativeTarget section */

/* Begin PBXProject section */
		EB46B9CD26370CD400CEC978 /* Project object */ = {
			isa = PBXProject;
			attributes = {
				LastSwiftUpdateCheck = 1240;
				LastUpgradeCheck = 1240;
				TargetAttributes = {
					EB46B9D426370CD400CEC978 = {
						CreatedOnToolsVersion = 12.4;
					};
					EB46B9ED26370CD500CEC978 = {
						CreatedOnToolsVersion = 12.4;
						TestTargetID = EB46B9D426370CD400CEC978;
					};
					EB46B9F826370CD500CEC978 = {
						CreatedOnToolsVersion = 12.4;
						TestTargetID = EB46B9D426370CD400CEC978;
					};
				};
			};
			buildConfigurationList = EB46B9D026370CD400CEC978 /* Build configuration list for PBXProject "App" */;
			compatibilityVersion = "Xcode 9.3";
			developmentRegion = en;
			hasScannedForEncodings = 0;
			knownRegions = (
				en,
				Base,
			);
			mainGroup = EB46B9CC26370CD400CEC978;
			productRefGroup = EB46B9D626370CD400CEC978 /* Products */;
			projectDirPath = "";
			projectRoot = "";
			targets = (
				EB46B9D426370CD400CEC978 /* App */,
				EB46B9ED26370CD500CEC978 /* AppTests */,
				EB46B9F826370CD500CEC978 /* AppUITests */,
			);
		};
/* End PBXProject section */

/* Begin PBXResourcesBuildPhase section */
		EB46B9D326370CD400CEC978 /* Resources */ = {
			isa = PBXResourcesBuildPhase;
			buildActionMask = 2147483647;
			files = (
				EB46B9E826370CD500CEC978 /* LaunchScreen.storyboard in Resources */,
				EB46B9E526370CD500CEC978 /* Assets.xcassets in Resources */,
				EB46B9E026370CD400CEC978 /* Main.storyboard in Resources */,
			);
			runOnlyForDeploymentPostprocessing = 0;
		};
		EB46B9EC26370CD500CEC978 /* Resources */ = {
			isa = PBXResourcesBuildPhase;
			buildActionMask = 2147483647;
			files = (
			);
			runOnlyForDeploymentPostprocessing = 0;
		};
		EB46B9F726370CD500CEC978 /* Resources */ = {
			isa = PBXResourcesBuildPhase;
			buildActionMask = 2147483647;
			files = (
			);
			runOnlyForDeploymentPostprocessing = 0;
		};
/* End PBXResourcesBuildPhase section */

/* Begin PBXShellScriptBuildPhase section */
		02859BD395F43799BDE2F4C3 /* [CP] Check Pods Manifest.lock */ = {
			isa = PBXShellScriptBuildPhase;
			buildActionMask = 2147483647;
			files = (
			);
			inputFileListPaths = (
			);
			inputPaths = (
				"${PODS_PODFILE_DIR_PATH}/Podfile.lock",
				"${PODS_ROOT}/Manifest.lock",
			);
			name = "[CP] Check Pods Manifest.lock";
			outputFileListPaths = (
			);
			outputPaths = (
				"$(DERIVED_FILE_DIR)/Pods-AppTests-checkManifestLockResult.txt",
			);
			runOnlyForDeploymentPostprocessing = 0;
			shellPath = /bin/sh;
			shellScript = "diff \"${PODS_PODFILE_DIR_PATH}/Podfile.lock\" \"${PODS_ROOT}/Manifest.lock\" > /dev/null\nif [ $? != 0 ] ; then\n    # print error to STDERR\n    echo \"error: The sandbox is not in sync with the Podfile.lock. Run 'pod install' or update your CocoaPods installation.\" >&2\n    exit 1\nfi\n# This output is used by Xcode 'outputs' to avoid re-running this script phase.\necho \"SUCCESS\" > \"${SCRIPT_OUTPUT_FILE_0}\"\n";
			showEnvVarsInLog = 0;
		};
		10BC797879965496050E737B /* [CP] Embed Pods Frameworks */ = {
			isa = PBXShellScriptBuildPhase;
			buildActionMask = 2147483647;
			files = (
			);
			inputFileListPaths = (
				"${PODS_ROOT}/Target Support Files/Pods-AppTests/Pods-AppTests-frameworks-${CONFIGURATION}-input-files.xcfilelist",
			);
			name = "[CP] Embed Pods Frameworks";
			outputFileListPaths = (
				"${PODS_ROOT}/Target Support Files/Pods-AppTests/Pods-AppTests-frameworks-${CONFIGURATION}-output-files.xcfilelist",
			);
			runOnlyForDeploymentPostprocessing = 0;
			shellPath = /bin/sh;
			shellScript = "\"${PODS_ROOT}/Target Support Files/Pods-AppTests/Pods-AppTests-frameworks.sh\"\n";
			showEnvVarsInLog = 0;
		};
		65E50D864C5ABC7B61384370 /* [CP] Check Pods Manifest.lock */ = {
			isa = PBXShellScriptBuildPhase;
			buildActionMask = 2147483647;
			files = (
			);
			inputFileListPaths = (
			);
			inputPaths = (
				"${PODS_PODFILE_DIR_PATH}/Podfile.lock",
				"${PODS_ROOT}/Manifest.lock",
			);
			name = "[CP] Check Pods Manifest.lock";
			outputFileListPaths = (
			);
			outputPaths = (
				"$(DERIVED_FILE_DIR)/Pods-App-checkManifestLockResult.txt",
			);
			runOnlyForDeploymentPostprocessing = 0;
			shellPath = /bin/sh;
			shellScript = "diff \"${PODS_PODFILE_DIR_PATH}/Podfile.lock\" \"${PODS_ROOT}/Manifest.lock\" > /dev/null\nif [ $? != 0 ] ; then\n    # print error to STDERR\n    echo \"error: The sandbox is not in sync with the Podfile.lock. Run 'pod install' or update your CocoaPods installation.\" >&2\n    exit 1\nfi\n# This output is used by Xcode 'outputs' to avoid re-running this script phase.\necho \"SUCCESS\" > \"${SCRIPT_OUTPUT_FILE_0}\"\n";
			showEnvVarsInLog = 0;
		};
		C31D28B704531E8E988BFB9E /* [CP] Check Pods Manifest.lock */ = {
			isa = PBXShellScriptBuildPhase;
			buildActionMask = 2147483647;
			files = (
			);
			inputFileListPaths = (
			);
			inputPaths = (
				"${PODS_PODFILE_DIR_PATH}/Podfile.lock",
				"${PODS_ROOT}/Manifest.lock",
			);
			name = "[CP] Check Pods Manifest.lock";
			outputFileListPaths = (
			);
			outputPaths = (
				"$(DERIVED_FILE_DIR)/Pods-App-AppUITests-checkManifestLockResult.txt",
			);
			runOnlyForDeploymentPostprocessing = 0;
			shellPath = /bin/sh;
			shellScript = "diff \"${PODS_PODFILE_DIR_PATH}/Podfile.lock\" \"${PODS_ROOT}/Manifest.lock\" > /dev/null\nif [ $? != 0 ] ; then\n    # print error to STDERR\n    echo \"error: The sandbox is not in sync with the Podfile.lock. Run 'pod install' or update your CocoaPods installation.\" >&2\n    exit 1\nfi\n# This output is used by Xcode 'outputs' to avoid re-running this script phase.\necho \"SUCCESS\" > \"${SCRIPT_OUTPUT_FILE_0}\"\n";
			showEnvVarsInLog = 0;
		};
/* End PBXShellScriptBuildPhase section */

/* Begin PBXSourcesBuildPhase section */
		EB46B9D126370CD400CEC978 /* Sources */ = {
			isa = PBXSourcesBuildPhase;
			buildActionMask = 2147483647;
			files = (
				EB46B9DD26370CD400CEC978 /* ViewController.swift in Sources */,
				EB46B9E326370CD400CEC978 /* App.xcdatamodeld in Sources */,
				EB46B9D926370CD400CEC978 /* AppDelegate.swift in Sources */,
				EB46B9DB26370CD400CEC978 /* SceneDelegate.swift in Sources */,
			);
			runOnlyForDeploymentPostprocessing = 0;
		};
		EB46B9EA26370CD500CEC978 /* Sources */ = {
			isa = PBXSourcesBuildPhase;
			buildActionMask = 2147483647;
			files = (
				EB46B9F326370CD500CEC978 /* AppTests.swift in Sources */,
			);
			runOnlyForDeploymentPostprocessing = 0;
		};
		EB46B9F526370CD500CEC978 /* Sources */ = {
			isa = PBXSourcesBuildPhase;
			buildActionMask = 2147483647;
			files = (
				EB46B9FE26370CD500CEC978 /* AppUITests.swift in Sources */,
			);
			runOnlyForDeploymentPostprocessing = 0;
		};
/* End PBXSourcesBuildPhase section */

/* Begin PBXTargetDependency section */
		EB46B9F026370CD500CEC978 /* PBXTargetDependency */ = {
			isa = PBXTargetDependency;
			target = EB46B9D426370CD400CEC978 /* App */;
			targetProxy = EB46B9EF26370CD500CEC978 /* PBXContainerItemProxy */;
		};
		EB46B9FB26370CD500CEC978 /* PBXTargetDependency */ = {
			isa = PBXTargetDependency;
			target = EB46B9D426370CD400CEC978 /* App */;
			targetProxy = EB46B9FA26370CD500CEC978 /* PBXContainerItemProxy */;
		};
/* End PBXTargetDependency section */

/* Begin PBXVariantGroup section */
		EB46B9DE26370CD400CEC978 /* Main.storyboard */ = {
			isa = PBXVariantGroup;
			children = (
				EB46B9DF26370CD400CEC978 /* Base */,
			);
			name = Main.storyboard;
			sourceTree = "<group>";
		};
		EB46B9E626370CD500CEC978 /* LaunchScreen.storyboard */ = {
			isa = PBXVariantGroup;
			children = (
				EB46B9E726370CD500CEC978 /* Base */,
			);
			name = LaunchScreen.storyboard;
			sourceTree = "<group>";
		};
/* End PBXVariantGroup section */

/* Begin XCBuildConfiguration section */
		EB46BA0026370CD500CEC978 /* Debug */ = {
			isa = XCBuildConfiguration;
			buildSettings = {
				ALWAYS_SEARCH_USER_PATHS = NO;
				CLANG_ANALYZER_NONNULL = YES;
				CLANG_ANALYZER_NUMBER_OBJECT_CONVERSION = YES_AGGRESSIVE;
				CLANG_CXX_LANGUAGE_STANDARD = "gnu++14";
				CLANG_CXX_LIBRARY = "libc++";
				CLANG_ENABLE_MODULES = YES;
				CLANG_ENABLE_OBJC_ARC = YES;
				CLANG_ENABLE_OBJC_WEAK = YES;
				CLANG_WARN_BLOCK_CAPTURE_AUTORELEASING = YES;
				CLANG_WARN_BOOL_CONVERSION = YES;
				CLANG_WARN_COMMA = YES;
				CLANG_WARN_CONSTANT_CONVERSION = YES;
				CLANG_WARN_DEPRECATED_OBJC_IMPLEMENTATIONS = YES;
				CLANG_WARN_DIRECT_OBJC_ISA_USAGE = YES_ERROR;
				CLANG_WARN_DOCUMENTATION_COMMENTS = YES;
				CLANG_WARN_EMPTY_BODY = YES;
				CLANG_WARN_ENUM_CONVERSION = YES;
				CLANG_WARN_INFINITE_RECURSION = YES;
				CLANG_WARN_INT_CONVERSION = YES;
				CLANG_WARN_NON_LITERAL_NULL_CONVERSION = YES;
				CLANG_WARN_OBJC_IMPLICIT_RETAIN_SELF = YES;
				CLANG_WARN_OBJC_LITERAL_CONVERSION = YES;
				CLANG_WARN_OBJC_ROOT_CLASS = YES_ERROR;
				CLANG_WARN_QUOTED_INCLUDE_IN_FRAMEWORK_HEADER = YES;
				CLANG_WARN_RANGE_LOOP_ANALYSIS = YES;
				CLANG_WARN_STRICT_PROTOTYPES = YES;
				CLANG_WARN_SUSPICIOUS_MOVE = YES;
				CLANG_WARN_UNGUARDED_AVAILABILITY = YES_AGGRESSIVE;
				CLANG_WARN_UNREACHABLE_CODE = YES;
				CLANG_WARN__DUPLICATE_METHOD_MATCH = YES;
				COPY_PHASE_STRIP = NO;
				DEBUG_INFORMATION_FORMAT = dwarf;
				ENABLE_STRICT_OBJC_MSGSEND = YES;
				ENABLE_TESTABILITY = YES;
				GCC_C_LANGUAGE_STANDARD = gnu11;
				GCC_DYNAMIC_NO_PIC = NO;
				GCC_NO_COMMON_BLOCKS = YES;
				GCC_OPTIMIZATION_LEVEL = 0;
				GCC_PREPROCESSOR_DEFINITIONS = (
					"DEBUG=1",
					"$(inherited)",
				);
				GCC_WARN_64_TO_32_BIT_CONVERSION = YES;
				GCC_WARN_ABOUT_RETURN_TYPE = YES_ERROR;
				GCC_WARN_UNDECLARED_SELECTOR = YES;
				GCC_WARN_UNINITIALIZED_AUTOS = YES_AGGRESSIVE;
				GCC_WARN_UNUSED_FUNCTION = YES;
				GCC_WARN_UNUSED_VARIABLE = YES;
				IPHONEOS_DEPLOYMENT_TARGET = 14.4;
				MTL_ENABLE_DEBUG_INFO = INCLUDE_SOURCE;
				MTL_FAST_MATH = YES;
				ONLY_ACTIVE_ARCH = YES;
				SDKROOT = iphoneos;
				SWIFT_ACTIVE_COMPILATION_CONDITIONS = DEBUG;
				SWIFT_OPTIMIZATION_LEVEL = "-Onone";
			};
			name = Debug;
		};
		EB46BA0126370CD500CEC978 /* Release */ = {
			isa = XCBuildConfiguration;
			buildSettings = {
				ALWAYS_SEARCH_USER_PATHS = NO;
				CLANG_ANALYZER_NONNULL = YES;
				CLANG_ANALYZER_NUMBER_OBJECT_CONVERSION = YES_AGGRESSIVE;
				CLANG_CXX_LANGUAGE_STANDARD = "gnu++14";
				CLANG_CXX_LIBRARY = "libc++";
				CLANG_ENABLE_MODULES = YES;
				CLANG_ENABLE_OBJC_ARC = YES;
				CLANG_ENABLE_OBJC_WEAK = YES;
				CLANG_WARN_BLOCK_CAPTURE_AUTORELEASING = YES;
				CLANG_WARN_BOOL_CONVERSION = YES;
				CLANG_WARN_COMMA = YES;
				CLANG_WARN_CONSTANT_CONVERSION = YES;
				CLANG_WARN_DEPRECATED_OBJC_IMPLEMENTATIONS = YES;
				CLANG_WARN_DIRECT_OBJC_ISA_USAGE = YES_ERROR;
				CLANG_WARN_DOCUMENTATION_COMMENTS = YES;
				CLANG_WARN_EMPTY_BODY = YES;
				CLANG_WARN_ENUM_CONVERSION = YES;
				CLANG_WARN_INFINITE_RECURSION = YES;
				CLANG_WARN_INT_CONVERSION = YES;
				CLANG_WARN_NON_LITERAL_NULL_CONVERSION = YES;
				CLANG_WARN_OBJC_IMPLICIT_RETAIN_SELF = YES;
				CLANG_WARN_OBJC_LITERAL_CONVERSION = YES;
				CLANG_WARN_OBJC_ROOT_CLASS = YES_ERROR;
				CLANG_WARN_QUOTED_INCLUDE_IN_FRAMEWORK_HEADER = YES;
				CLANG_WARN_RANGE_LOOP_ANALYSIS = YES;
				CLANG_WARN_STRICT_PROTOTYPES = YES;
				CLANG_WARN_SUSPICIOUS_MOVE = YES;
				CLANG_WARN_UNGUARDED_AVAILABILITY = YES_AGGRESSIVE;
				CLANG_WARN_UNREACHABLE_CODE = YES;
				CLANG_WARN__DUPLICATE_METHOD_MATCH = YES;
				COPY_PHASE_STRIP = NO;
				DEBUG_INFORMATION_FORMAT = "dwarf-with-dsym";
				ENABLE_NS_ASSERTIONS = NO;
				ENABLE_STRICT_OBJC_MSGSEND = YES;
				GCC_C_LANGUAGE_STANDARD = gnu11;
				GCC_NO_COMMON_BLOCKS = YES;
				GCC_WARN_64_TO_32_BIT_CONVERSION = YES;
				GCC_WARN_ABOUT_RETURN_TYPE = YES_ERROR;
				GCC_WARN_UNDECLARED_SELECTOR = YES;
				GCC_WARN_UNINITIALIZED_AUTOS = YES_AGGRESSIVE;
				GCC_WARN_UNUSED_FUNCTION = YES;
				GCC_WARN_UNUSED_VARIABLE = YES;
				IPHONEOS_DEPLOYMENT_TARGET = 14.4;
				MTL_ENABLE_DEBUG_INFO = NO;
				MTL_FAST_MATH = YES;
				SDKROOT = iphoneos;
				SWIFT_COMPILATION_MODE = wholemodule;
				SWIFT_OPTIMIZATION_LEVEL = "-O";
				VALIDATE_PRODUCT = YES;
			};
			name = Release;
		};
		EB46BA0326370CD500CEC978 /* Debug */ = {
			isa = XCBuildConfiguration;
			baseConfigurationReference = 1E73CD959F4141B3408FC73C /* Pods-App.debug.xcconfig */;
			buildSettings = {
				ASSETCATALOG_COMPILER_APPICON_NAME = AppIcon;
				ASSETCATALOG_COMPILER_GLOBAL_ACCENT_COLOR_NAME = AccentColor;
				CODE_SIGN_STYLE = Automatic;
				DEVELOPMENT_TEAM = 6AC48SBWRR;
				INFOPLIST_FILE = App/Info.plist;
				LD_RUNPATH_SEARCH_PATHS = (
					"$(inherited)",
					"@executable_path/Frameworks",
				);
				PRODUCT_BUNDLE_IDENTIFIER = konex.com.App;
				PRODUCT_NAME = "$(TARGET_NAME)";
				SWIFT_VERSION = 5.0;
				TARGETED_DEVICE_FAMILY = "1,2";
			};
			name = Debug;
		};
		EB46BA0426370CD500CEC978 /* Release */ = {
			isa = XCBuildConfiguration;
			baseConfigurationReference = 52932FCBD382BD78F84FA3C2 /* Pods-App.release.xcconfig */;
			buildSettings = {
				ASSETCATALOG_COMPILER_APPICON_NAME = AppIcon;
				ASSETCATALOG_COMPILER_GLOBAL_ACCENT_COLOR_NAME = AccentColor;
				CODE_SIGN_STYLE = Automatic;
				DEVELOPMENT_TEAM = 6AC48SBWRR;
				INFOPLIST_FILE = App/Info.plist;
				LD_RUNPATH_SEARCH_PATHS = (
					"$(inherited)",
					"@executable_path/Frameworks",
				);
				PRODUCT_BUNDLE_IDENTIFIER = konex.com.App;
				PRODUCT_NAME = "$(TARGET_NAME)";
				SWIFT_VERSION = 5.0;
				TARGETED_DEVICE_FAMILY = "1,2";
			};
			name = Release;
		};
		EB46BA0626370CD500CEC978 /* Debug */ = {
			isa = XCBuildConfiguration;
			baseConfigurationReference = 26A2175B3AC0ABEEBDB47376 /* Pods-AppTests.debug.xcconfig */;
			buildSettings = {
				ALWAYS_EMBED_SWIFT_STANDARD_LIBRARIES = YES;
				BUNDLE_LOADER = "$(TEST_HOST)";
				CODE_SIGN_STYLE = Automatic;
				DEVELOPMENT_TEAM = 6AC48SBWRR;
				INFOPLIST_FILE = AppTests/Info.plist;
				IPHONEOS_DEPLOYMENT_TARGET = 14.4;
				LD_RUNPATH_SEARCH_PATHS = (
					"$(inherited)",
					"@executable_path/Frameworks",
					"@loader_path/Frameworks",
				);
				PRODUCT_BUNDLE_IDENTIFIER = konex.com.AppTests;
				PRODUCT_NAME = "$(TARGET_NAME)";
				SWIFT_VERSION = 5.0;
				TARGETED_DEVICE_FAMILY = "1,2";
				TEST_HOST = "$(BUILT_PRODUCTS_DIR)/App.app/App";
			};
			name = Debug;
		};
		EB46BA0726370CD500CEC978 /* Release */ = {
			isa = XCBuildConfiguration;
			baseConfigurationReference = 87B577D630B0E73907D9F7E6 /* Pods-AppTests.release.xcconfig */;
			buildSettings = {
				ALWAYS_EMBED_SWIFT_STANDARD_LIBRARIES = YES;
				BUNDLE_LOADER = "$(TEST_HOST)";
				CODE_SIGN_STYLE = Automatic;
				DEVELOPMENT_TEAM = 6AC48SBWRR;
				INFOPLIST_FILE = AppTests/Info.plist;
				IPHONEOS_DEPLOYMENT_TARGET = 14.4;
				LD_RUNPATH_SEARCH_PATHS = (
					"$(inherited)",
					"@executable_path/Frameworks",
					"@loader_path/Frameworks",
				);
				PRODUCT_BUNDLE_IDENTIFIER = konex.com.AppTests;
				PRODUCT_NAME = "$(TARGET_NAME)";
				SWIFT_VERSION = 5.0;
				TARGETED_DEVICE_FAMILY = "1,2";
				TEST_HOST = "$(BUILT_PRODUCTS_DIR)/App.app/App";
			};
			name = Release;
		};
		EB46BA0926370CD500CEC978 /* Debug */ = {
			isa = XCBuildConfiguration;
			baseConfigurationReference = 3C27BA2C4351D8FAE2595666 /* Pods-App-AppUITests.debug.xcconfig */;
			buildSettings = {
				ALWAYS_EMBED_SWIFT_STANDARD_LIBRARIES = YES;
				CODE_SIGN_STYLE = Automatic;
				DEVELOPMENT_TEAM = 6AC48SBWRR;
				INFOPLIST_FILE = AppUITests/Info.plist;
				LD_RUNPATH_SEARCH_PATHS = (
					"$(inherited)",
					"@executable_path/Frameworks",
					"@loader_path/Frameworks",
				);
				PRODUCT_BUNDLE_IDENTIFIER = konex.com.AppUITests;
				PRODUCT_NAME = "$(TARGET_NAME)";
				SWIFT_VERSION = 5.0;
				TARGETED_DEVICE_FAMILY = "1,2";
				TEST_TARGET_NAME = App;
			};
			name = Debug;
		};
		EB46BA0A26370CD500CEC978 /* Release */ = {
			isa = XCBuildConfiguration;
			baseConfigurationReference = 5780F1E3359A7DD747878918 /* Pods-App-AppUITests.release.xcconfig */;
			buildSettings = {
				ALWAYS_EMBED_SWIFT_STANDARD_LIBRARIES = YES;
				CODE_SIGN_STYLE = Automatic;
				DEVELOPMENT_TEAM = 6AC48SBWRR;
				INFOPLIST_FILE = AppUITests/Info.plist;
				LD_RUNPATH_SEARCH_PATHS = (
					"$(inherited)",
					"@executable_path/Frameworks",
					"@loader_path/Frameworks",
				);
				PRODUCT_BUNDLE_IDENTIFIER = konex.com.AppUITests;
				PRODUCT_NAME = "$(TARGET_NAME)";
				SWIFT_VERSION = 5.0;
				TARGETED_DEVICE_FAMILY = "1,2";
				TEST_TARGET_NAME = App;
			};
			name = Release;
		};
/* End XCBuildConfiguration section */

/* Begin XCConfigurationList section */
		EB46B9D026370CD400CEC978 /* Build configuration list for PBXProject "App" */ = {
			isa = XCConfigurationList;
			buildConfigurations = (
				EB46BA0026370CD500CEC978 /* Debug */,
				EB46BA0126370CD500CEC978 /* Release */,
			);
			defaultConfigurationIsVisible = 0;
			defaultConfigurationName = Release;
		};
		EB46BA0226370CD500CEC978 /* Build configuration list for PBXNativeTarget "App" */ = {
			isa = XCConfigurationList;
			buildConfigurations = (
				EB46BA0326370CD500CEC978 /* Debug */,
				EB46BA0426370CD500CEC978 /* Release */,
			);
			defaultConfigurationIsVisible = 0;
			defaultConfigurationName = Release;
		};
		EB46BA0526370CD500CEC978 /* Build configuration list for PBXNativeTarget "AppTests" */ = {
			isa = XCConfigurationList;
			buildConfigurations = (
				EB46BA0626370CD500CEC978 /* Debug */,
				EB46BA0726370CD500CEC978 /* Release */,
			);
			defaultConfigurationIsVisible = 0;
			defaultConfigurationName = Release;
		};
		EB46BA0826370CD500CEC978 /* Build configuration list for PBXNativeTarget "AppUITests" */ = {
			isa = XCConfigurationList;
			buildConfigurations = (
				EB46BA0926370CD500CEC978 /* Debug */,
				EB46BA0A26370CD500CEC978 /* Release */,
			);
			defaultConfigurationIsVisible = 0;
			defaultConfigurationName = Release;
		};
/* End XCConfigurationList section */

/* Begin XCVersionGroup section */
		EB46B9E126370CD400CEC978 /* App.xcdatamodeld */ = {
			isa = XCVersionGroup;
			children = (
				EB46B9E226370CD400CEC978 /* App.xcdatamodel */,
			);
			currentVersion = EB46B9E226370CD400CEC978 /* App.xcdatamodel */;
			path = App.xcdatamodeld;
			sourceTree = "<group>";
			versionGroupType = wrapper.xcdatamodel;
		};
/* End XCVersionGroup section */
	};
	rootObject = EB46B9CD26370CD400CEC978 /* Project object */;
}
